
Microsoft Visual Studio Solution File, Format Version 12.00
# Visual Studio 15
VisualStudioVersion = 15.0.27130.2036
MinimumVisualStudioVersion = 10.0.40219.1
Project("{FAE04EC0-301F-11D3-BF4B-00C04F79EFBC}") = "DAL", "DAL\DAL.csproj", "{C81C8B0F-8389-4CE1-908F-393EAC164923}"
EndProject
Project("{FAE04EC0-301F-11D3-BF4B-00C04F79EFBC}") = "Domain", "Domain\Domain.csproj", "{279C2978-6215-4D50-9741-4D89827EFB93}"
EndProject
Project("{FAE04EC0-301F-11D3-BF4B-00C04F79EFBC}") = "MVCIntegratie", "MVCIntegratie\MVCIntegratie.csproj", "{2116C608-2BBC-4979-ACEA-24937D48BE93}"
EndProject
Project("{FAE04EC0-301F-11D3-BF4B-00C04F79EFBC}") = "BL", "BL\BL.csproj", "{B4817A46-311C-4C08-ABB4-D5F4944C7BCE}"
EndProject
Project("{FAE04EC0-301F-11D3-BF4B-00C04F79EFBC}") = "CA-SyncDb", "CA\CA-SyncDb.csproj", "{5B27CD87-78EC-4143-A09D-60DACFD6A585}"
EndProject
Global
	GlobalSection(SolutionConfigurationPlatforms) = preSolution
		Debug|Any CPU = Debug|Any CPU
		Release|Any CPU = Release|Any CPU
	EndGlobalSection
	GlobalSection(ProjectConfigurationPlatforms) = postSolution
		{C81C8B0F-8389-4CE1-908F-393EAC164923}.Debug|Any CPU.ActiveCfg = Debug|Any CPU
		{C81C8B0F-8389-4CE1-908F-393EAC164923}.Debug|Any CPU.Build.0 = Debug|Any CPU
		{C81C8B0F-8389-4CE1-908F-393EAC164923}.Release|Any CPU.ActiveCfg = Release|Any CPU
		{C81C8B0F-8389-4CE1-908F-393EAC164923}.Release|Any CPU.Build.0 = Release|Any CPU
		{279C2978-6215-4D50-9741-4D89827EFB93}.Debug|Any CPU.ActiveCfg = Debug|Any CPU
		{279C2978-6215-4D50-9741-4D89827EFB93}.Debug|Any CPU.Build.0 = Debug|Any CPU
		{279C2978-6215-4D50-9741-4D89827EFB93}.Release|Any CPU.ActiveCfg = Release|Any CPU
		{279C2978-6215-4D50-9741-4D89827EFB93}.Release|Any CPU.Build.0 = Release|Any CPU
		{2116C608-2BBC-4979-ACEA-24937D48BE93}.Debug|Any CPU.ActiveCfg = Debug|Any CPU
		{2116C608-2BBC-4979-ACEA-24937D48BE93}.Debug|Any CPU.Build.0 = Debug|Any CPU
		{2116C608-2BBC-4979-ACEA-24937D48BE93}.Release|Any CPU.ActiveCfg = Release|Any CPU
		{2116C608-2BBC-4979-ACEA-24937D48BE93}.Release|Any CPU.Build.0 = Release|Any CPU
		{B4817A46-311C-4C08-ABB4-D5F4944C7BCE}.Debug|Any CPU.ActiveCfg = Debug|Any CPU
		{B4817A46-311C-4C08-ABB4-D5F4944C7BCE}.Debug|Any CPU.Build.0 = Debug|Any CPU
		{B4817A46-311C-4C08-ABB4-D5F4944C7BCE}.Release|Any CPU.ActiveCfg = Release|Any CPU
		{B4817A46-311C-4C08-ABB4-D5F4944C7BCE}.Release|Any CPU.Build.0 = Release|Any CPU
		{5B27CD87-78EC-4143-A09D-60DACFD6A585}.Debug|Any CPU.ActiveCfg = Debug|Any CPU
		{5B27CD87-78EC-4143-A09D-60DACFD6A585}.Debug|Any CPU.Build.0 = Debug|Any CPU
		{5B27CD87-78EC-4143-A09D-60DACFD6A585}.Release|Any CPU.ActiveCfg = Release|Any CPU
		{5B27CD87-78EC-4143-A09D-60DACFD6A585}.Release|Any CPU.Build.0 = Release|Any CPU
	EndGlobalSection
	GlobalSection(SolutionProperties) = preSolution
		HideSolutionNode = FALSE
	EndGlobalSection
	GlobalSection(ExtensibilityGlobals) = postSolution
		SolutionGuid = {72AABF93-7928-40EF-A7C3-B629CC56E58D}
	EndGlobalSection
EndGlobal
